// !$*UTF8*$!
{
	archiveVersion = 1;
	classes = {
	};
	objectVersion = 56;
	objects = {

/* Begin PBXBuildFile section */
		1756544429212B6700A9A702 /* ManageDayApp.swift in Sources */ = {isa = PBXBuildFile; fileRef = 1756544329212B6700A9A702 /* ManageDayApp.swift */; };
		1756544629212B6700A9A702 /* ContentView.swift in Sources */ = {isa = PBXBuildFile; fileRef = 1756544529212B6700A9A702 /* ContentView.swift */; };
		1756544829212B6A00A9A702 /* Assets.xcassets in Resources */ = {isa = PBXBuildFile; fileRef = 1756544729212B6A00A9A702 /* Assets.xcassets */; };
		1756544B29212B6A00A9A702 /* Preview Assets.xcassets in Resources */ = {isa = PBXBuildFile; fileRef = 1756544A29212B6A00A9A702 /* Preview Assets.xcassets */; };
		1756544D29212B6A00A9A702 /* Persistence.swift in Sources */ = {isa = PBXBuildFile; fileRef = 1756544C29212B6A00A9A702 /* Persistence.swift */; };
		1756545029212B6A00A9A702 /* ManageDay.xcdatamodeld in Sources */ = {isa = PBXBuildFile; fileRef = 1756544E29212B6A00A9A702 /* ManageDay.xcdatamodeld */; };
		17565458292139E800A9A702 /* HomeViewModel.swift in Sources */ = {isa = PBXBuildFile; fileRef = 17565457292139E800A9A702 /* HomeViewModel.swift */; };
		1756545B29213A8100A9A702 /* Home.swift in Sources */ = {isa = PBXBuildFile; fileRef = 1756545A29213A8100A9A702 /* Home.swift */; };
		1756545D29216E6F00A9A702 /* AddNewHabit.swift in Sources */ = {isa = PBXBuildFile; fileRef = 1756545C29216E6F00A9A702 /* AddNewHabit.swift */; };
/* End PBXBuildFile section */

/* Begin PBXFileReference section */
		1756544029212B6700A9A702 /* ManageDay.app */ = {isa = PBXFileReference; explicitFileType = wrapper.application; includeInIndex = 0; path = ManageDay.app; sourceTree = BUILT_PRODUCTS_DIR; };
		1756544329212B6700A9A702 /* ManageDayApp.swift */ = {isa = PBXFileReference; lastKnownFileType = sourcecode.swift; path = ManageDayApp.swift; sourceTree = "<group>"; };
		1756544529212B6700A9A702 /* ContentView.swift */ = {isa = PBXFileReference; lastKnownFileType = sourcecode.swift; path = ContentView.swift; sourceTree = "<group>"; };
		1756544729212B6A00A9A702 /* Assets.xcassets */ = {isa = PBXFileReference; lastKnownFileType = folder.assetcatalog; path = Assets.xcassets; sourceTree = "<group>"; };
		1756544A29212B6A00A9A702 /* Preview Assets.xcassets */ = {isa = PBXFileReference; lastKnownFileType = folder.assetcatalog; path = "Preview Assets.xcassets"; sourceTree = "<group>"; };
		1756544C29212B6A00A9A702 /* Persistence.swift */ = {isa = PBXFileReference; lastKnownFileType = sourcecode.swift; path = Persistence.swift; sourceTree = "<group>"; };
		1756544F29212B6A00A9A702 /* ManageDay.xcdatamodel */ = {isa = PBXFileReference; lastKnownFileType = wrapper.xcdatamodel; path = ManageDay.xcdatamodel; sourceTree = "<group>"; };
		17565457292139E800A9A702 /* HomeViewModel.swift */ = {isa = PBXFileReference; lastKnownFileType = sourcecode.swift; path = HomeViewModel.swift; sourceTree = "<group>"; };
		1756545A29213A8100A9A702 /* Home.swift */ = {isa = PBXFileReference; lastKnownFileType = sourcecode.swift; path = Home.swift; sourceTree = "<group>"; };
		1756545C29216E6F00A9A702 /* AddNewHabit.swift */ = {isa = PBXFileReference; lastKnownFileType = sourcecode.swift; path = AddNewHabit.swift; sourceTree = "<group>"; };
/* End PBXFileReference section */

/* Begin PBXFrameworksBuildPhase section */
		1756543D29212B6700A9A702 /* Frameworks */ = {
			isa = PBXFrameworksBuildPhase;
			buildActionMask = 2147483647;
			files = (
			);
			runOnlyForDeploymentPostprocessing = 0;
		};
/* End PBXFrameworksBuildPhase section */

/* Begin PBXGroup section */
		1756543729212B6700A9A702 = {
			isa = PBXGroup;
			children = (
				1756544229212B6700A9A702 /* ManageDay */,
				1756544129212B6700A9A702 /* Products */,
			);
			sourceTree = "<group>";
		};
		1756544129212B6700A9A702 /* Products */ = {
			isa = PBXGroup;
			children = (
				1756544029212B6700A9A702 /* ManageDay.app */,
			);
			name = Products;
			sourceTree = "<group>";
		};
		1756544229212B6700A9A702 /* ManageDay */ = {
			isa = PBXGroup;
			children = (
				17565456292139C900A9A702 /* ViewModel */,
				1756545929213A6B00A9A702 /* View */,
				1756544529212B6700A9A702 /* ContentView.swift */,
				1756544329212B6700A9A702 /* ManageDayApp.swift */,
				1756544729212B6A00A9A702 /* Assets.xcassets */,
				1756544C29212B6A00A9A702 /* Persistence.swift */,
				1756544E29212B6A00A9A702 /* ManageDay.xcdatamodeld */,
				1756544929212B6A00A9A702 /* Preview Content */,
			);
			path = ManageDay;
			sourceTree = "<group>";
		};
		1756544929212B6A00A9A702 /* Preview Content */ = {
			isa = PBXGroup;
			children = (
				1756544A29212B6A00A9A702 /* Preview Assets.xcassets */,
			);
			path = "Preview Content";
			sourceTree = "<group>";
		};
		17565456292139C900A9A702 /* ViewModel */ = {
			isa = PBXGroup;
			children = (
				17565457292139E800A9A702 /* HomeViewModel.swift */,
			);
			path = ViewModel;
			sourceTree = "<group>";
		};
		1756545929213A6B00A9A702 /* View */ = {
			isa = PBXGroup;
			children = (
				1756545A29213A8100A9A702 /* Home.swift */,
				1756545C29216E6F00A9A702 /* AddNewHabit.swift */,
			);
			path = View;
			sourceTree = "<group>";
		};
/* End PBXGroup section */

/* Begin PBXNativeTarget section */
		1756543F29212B6700A9A702 /* ManageDay */ = {
			isa = PBXNativeTarget;
			buildConfigurationList = 1756545329212B6A00A9A702 /* Build configuration list for PBXNativeTarget "ManageDay" */;
			buildPhases = (
				1756543C29212B6700A9A702 /* Sources */,
				1756543D29212B6700A9A702 /* Frameworks */,
				1756543E29212B6700A9A702 /* Resources */,
			);
			buildRules = (
			);
			dependencies = (
			);
			name = ManageDay;
			productName = ManageDay;
			productReference = 1756544029212B6700A9A702 /* ManageDay.app */;
			productType = "com.apple.product-type.application";
		};
/* End PBXNativeTarget section */

/* Begin PBXProject section */
		1756543829212B6700A9A702 /* Project object */ = {
			isa = PBXProject;
			attributes = {
				BuildIndependentTargetsInParallel = 1;
				LastSwiftUpdateCheck = 1410;
				LastUpgradeCheck = 1410;
				TargetAttributes = {
					1756543F29212B6700A9A702 = {
						CreatedOnToolsVersion = 14.1;
					};
				};
			};
			buildConfigurationList = 1756543B29212B6700A9A702 /* Build configuration list for PBXProject "ManageDay" */;
			compatibilityVersion = "Xcode 14.0";
			developmentRegion = en;
			hasScannedForEncodings = 0;
			knownRegions = (
				en,
				Base,
			);
			mainGroup = 1756543729212B6700A9A702;
			productRefGroup = 1756544129212B6700A9A702 /* Products */;
			projectDirPath = "";
			projectRoot = "";
			targets = (
				1756543F29212B6700A9A702 /* ManageDay */,
			);
		};
/* End PBXProject section */

/* Begin PBXResourcesBuildPhase section */
		1756543E29212B6700A9A702 /* Resources */ = {
			isa = PBXResourcesBuildPhase;
			buildActionMask = 2147483647;
			files = (
				1756544B29212B6A00A9A702 /* Preview Assets.xcassets in Resources */,
				1756544829212B6A00A9A702 /* Assets.xcassets in Resources */,
			);
			runOnlyForDeploymentPostprocessing = 0;
		};
/* End PBXResourcesBuildPhase section */

/* Begin PBXSourcesBuildPhase section */
		1756543C29212B6700A9A702 /* Sources */ = {
			isa = PBXSourcesBuildPhase;
			buildActionMask = 2147483647;
			files = (
				17565458292139E800A9A702 /* HomeViewModel.swift in Sources */,
				1756544D29212B6A00A9A702 /* Persistence.swift in Sources */,
				1756545029212B6A00A9A702 /* ManageDay.xcdatamodeld in Sources */,
				1756545D29216E6F00A9A702 /* AddNewHabit.swift in Sources */,
				1756544629212B6700A9A702 /* ContentView.swift in Sources */,
				1756545B29213A8100A9A702 /* Home.swift in Sources */,
				1756544429212B6700A9A702 /* ManageDayApp.swift in Sources */,
			);
			runOnlyForDeploymentPostprocessing = 0;
		};
/* End PBXSourcesBuildPhase section */

/* Begin XCBuildConfiguration section */
		1756545129212B6A00A9A702 /* Debug */ = {
			isa = XCBuildConfiguration;
			buildSettings = {
				ALWAYS_SEARCH_USER_PATHS = NO;
				CLANG_ANALYZER_NONNULL = YES;
				CLANG_ANALYZER_NUMBER_OBJECT_CONVERSION = YES_AGGRESSIVE;
				CLANG_CXX_LANGUAGE_STANDARD = "gnu++20";
				CLANG_ENABLE_MODULES = YES;
				CLANG_ENABLE_OBJC_ARC = YES;
				CLANG_ENABLE_OBJC_WEAK = YES;
				CLANG_WARN_BLOCK_CAPTURE_AUTORELEASING = YES;
				CLANG_WARN_BOOL_CONVERSION = YES;
				CLANG_WARN_COMMA = YES;
				CLANG_WARN_CONSTANT_CONVERSION = YES;
				CLANG_WARN_DEPRECATED_OBJC_IMPLEMENTATIONS = YES;
				CLANG_WARN_DIRECT_OBJC_ISA_USAGE = YES_ERROR;
				CLANG_WARN_DOCUMENTATION_COMMENTS = YES;
				CLANG_WARN_EMPTY_BODY = YES;
				CLANG_WARN_ENUM_CONVERSION = YES;
				CLANG_WARN_INFINITE_RECURSION = YES;
				CLANG_WARN_INT_CONVERSION = YES;
				CLANG_WARN_NON_LITERAL_NULL_CONVERSION = YES;
				CLANG_WARN_OBJC_IMPLICIT_RETAIN_SELF = YES;
				CLANG_WARN_OBJC_LITERAL_CONVERSION = YES;
				CLANG_WARN_OBJC_ROOT_CLASS = YES_ERROR;
				CLANG_WARN_QUOTED_INCLUDE_IN_FRAMEWORK_HEADER = YES;
				CLANG_WARN_RANGE_LOOP_ANALYSIS = YES;
				CLANG_WARN_STRICT_PROTOTYPES = YES;
				CLANG_WARN_SUSPICIOUS_MOVE = YES;
				CLANG_WARN_UNGUARDED_AVAILABILITY = YES_AGGRESSIVE;
				CLANG_WARN_UNREACHABLE_CODE = YES;
				CLANG_WARN__DUPLICATE_METHOD_MATCH = YES;
				COPY_PHASE_STRIP = NO;
				DEBUG_INFORMATION_FORMAT = dwarf;
				ENABLE_STRICT_OBJC_MSGSEND = YES;
				ENABLE_TESTABILITY = YES;
				GCC_C_LANGUAGE_STANDARD = gnu11;
				GCC_DYNAMIC_NO_PIC = NO;
				GCC_NO_COMMON_BLOCKS = YES;
				GCC_OPTIMIZATION_LEVEL = 0;
				GCC_PREPROCESSOR_DEFINITIONS = (
					"DEBUG=1",
					"$(inherited)",
				);
				GCC_WARN_64_TO_32_BIT_CONVERSION = YES;
				GCC_WARN_ABOUT_RETURN_TYPE = YES_ERROR;
				GCC_WARN_UNDECLARED_SELECTOR = YES;
				GCC_WARN_UNINITIALIZED_AUTOS = YES_AGGRESSIVE;
				GCC_WARN_UNUSED_FUNCTION = YES;
				GCC_WARN_UNUSED_VARIABLE = YES;
				IPHONEOS_DEPLOYMENT_TARGET = 16.1;
				MTL_ENABLE_DEBUG_INFO = INCLUDE_SOURCE;
				MTL_FAST_MATH = YES;
				ONLY_ACTIVE_ARCH = YES;
				SDKROOT = iphoneos;
				SWIFT_ACTIVE_COMPILATION_CONDITIONS = DEBUG;
				SWIFT_OPTIMIZATION_LEVEL = "-Onone";
			};
			name = Debug;
		};
		1756545229212B6A00A9A702 /* Release */ = {
			isa = XCBuildConfiguration;
			buildSettings = {
				ALWAYS_SEARCH_USER_PATHS = NO;
				CLANG_ANALYZER_NONNULL = YES;
				CLANG_ANALYZER_NUMBER_OBJECT_CONVERSION = YES_AGGRESSIVE;
				CLANG_CXX_LANGUAGE_STANDARD = "gnu++20";
				CLANG_ENABLE_MODULES = YES;
				CLANG_ENABLE_OBJC_ARC = YES;
				CLANG_ENABLE_OBJC_WEAK = YES;
				CLANG_WARN_BLOCK_CAPTURE_AUTORELEASING = YES;
				CLANG_WARN_BOOL_CONVERSION = YES;
				CLANG_WARN_COMMA = YES;
				CLANG_WARN_CONSTANT_CONVERSION = YES;
				CLANG_WARN_DEPRECATED_OBJC_IMPLEMENTATIONS = YES;
				CLANG_WARN_DIRECT_OBJC_ISA_USAGE = YES_ERROR;
				CLANG_WARN_DOCUMENTATION_COMMENTS = YES;
				CLANG_WARN_EMPTY_BODY = YES;
				CLANG_WARN_ENUM_CONVERSION = YES;
				CLANG_WARN_INFINITE_RECURSION = YES;
				CLANG_WARN_INT_CONVERSION = YES;
				CLANG_WARN_NON_LITERAL_NULL_CONVERSION = YES;
				CLANG_WARN_OBJC_IMPLICIT_RETAIN_SELF = YES;
				CLANG_WARN_OBJC_LITERAL_CONVERSION = YES;
				CLANG_WARN_OBJC_ROOT_CLASS = YES_ERROR;
				CLANG_WARN_QUOTED_INCLUDE_IN_FRAMEWORK_HEADER = YES;
				CLANG_WARN_RANGE_LOOP_ANALYSIS = YES;
				CLANG_WARN_STRICT_PROTOTYPES = YES;
				CLANG_WARN_SUSPICIOUS_MOVE = YES;
				CLANG_WARN_UNGUARDED_AVAILABILITY = YES_AGGRESSIVE;
				CLANG_WARN_UNREACHABLE_CODE = YES;
				CLANG_WARN__DUPLICATE_METHOD_MATCH = YES;
				COPY_PHASE_STRIP = NO;
				DEBUG_INFORMATION_FORMAT = "dwarf-with-dsym";
				ENABLE_NS_ASSERTIONS = NO;
				ENABLE_STRICT_OBJC_MSGSEND = YES;
				GCC_C_LANGUAGE_STANDARD = gnu11;
				GCC_NO_COMMON_BLOCKS = YES;
				GCC_WARN_64_TO_32_BIT_CONVERSION = YES;
				GCC_WARN_ABOUT_RETURN_TYPE = YES_ERROR;
				GCC_WARN_UNDECLARED_SELECTOR = YES;
				GCC_WARN_UNINITIALIZED_AUTOS = YES_AGGRESSIVE;
				GCC_WARN_UNUSED_FUNCTION = YES;
				GCC_WARN_UNUSED_VARIABLE = YES;
				IPHONEOS_DEPLOYMENT_TARGET = 16.1;
				MTL_ENABLE_DEBUG_INFO = NO;
				MTL_FAST_MATH = YES;
				SDKROOT = iphoneos;
				SWIFT_COMPILATION_MODE = wholemodule;
				SWIFT_OPTIMIZATION_LEVEL = "-O";
				VALIDATE_PRODUCT = YES;
			};
			name = Release;
		};
		1756545429212B6A00A9A702 /* Debug */ = {
			isa = XCBuildConfiguration;
			buildSettings = {
				ASSETCATALOG_COMPILER_APPICON_NAME = AppIcon;
				ASSETCATALOG_COMPILER_GLOBAL_ACCENT_COLOR_NAME = AccentColor;
				CODE_SIGN_STYLE = Automatic;
				CURRENT_PROJECT_VERSION = 1;
				DEVELOPMENT_ASSET_PATHS = "\"ManageDay/Preview Content\"";
				DEVELOPMENT_TEAM = 8VXC22CHMF;
				ENABLE_PREVIEWS = YES;
				GENERATE_INFOPLIST_FILE = YES;
				INFOPLIST_KEY_UIApplicationSceneManifest_Generation = YES;
				INFOPLIST_KEY_UIApplicationSupportsIndirectInputEvents = YES;
				INFOPLIST_KEY_UILaunchScreen_Generation = YES;
				INFOPLIST_KEY_UISupportedInterfaceOrientations_iPad = "UIInterfaceOrientationPortrait UIInterfaceOrientationPortraitUpsideDown UIInterfaceOrientationLandscapeLeft UIInterfaceOrientationLandscapeRight";
				INFOPLIST_KEY_UISupportedInterfaceOrientations_iPhone = "UIInterfaceOrientationPortrait UIInterfaceOrientationLandscapeLeft UIInterfaceOrientationLandscapeRight";
				LD_RUNPATH_SEARCH_PATHS = (
					"$(inherited)",
					"@executable_path/Frameworks",
				);
				MARKETING_VERSION = 1.0;
				PRODUCT_BUNDLE_IDENTIFIER = Codeable.ManageDay;
				PRODUCT_NAME = "$(TARGET_NAME)";
				SWIFT_EMIT_LOC_STRINGS = YES;
				SWIFT_VERSION = 5.0;
				TARGETED_DEVICE_FAMILY = "1,2";
			};
			name = Debug;
		};
		1756545529212B6A00A9A702 /* Release */ = {
			isa = XCBuildConfiguration;
			buildSettings = {
				ASSETCATALOG_COMPILER_APPICON_NAME = AppIcon;
				ASSETCATALOG_COMPILER_GLOBAL_ACCENT_COLOR_NAME = AccentColor;
				CODE_SIGN_STYLE = Automatic;
				CURRENT_PROJECT_VERSION = 1;
				DEVELOPMENT_ASSET_PATHS = "\"ManageDay/Preview Content\"";
				DEVELOPMENT_TEAM = 8VXC22CHMF;
				ENABLE_PREVIEWS = YES;
				GENERATE_INFOPLIST_FILE = YES;
				INFOPLIST_KEY_UIApplicationSceneManifest_Generation = YES;
				INFOPLIST_KEY_UIApplicationSupportsIndirectInputEvents = YES;
				INFOPLIST_KEY_UILaunchScreen_Generation = YES;
				INFOPLIST_KEY_UISupportedInterfaceOrientations_iPad = "UIInterfaceOrientationPortrait UIInterfaceOrientationPortraitUpsideDown UIInterfaceOrientationLandscapeLeft UIInterfaceOrientationLandscapeRight";
				INFOPLIST_KEY_UISupportedInterfaceOrientations_iPhone = "UIInterfaceOrientationPortrait UIInterfaceOrientationLandscapeLeft UIInterfaceOrientationLandscapeRight";
				LD_RUNPATH_SEARCH_PATHS = (
					"$(inherited)",
					"@executable_path/Frameworks",
				);
				MARKETING_VERSION = 1.0;
				PRODUCT_BUNDLE_IDENTIFIER = Codeable.ManageDay;
				PRODUCT_NAME = "$(TARGET_NAME)";
				SWIFT_EMIT_LOC_STRINGS = YES;
				SWIFT_VERSION = 5.0;
				TARGETED_DEVICE_FAMILY = "1,2";
			};
			name = Release;
		};
/* End XCBuildConfiguration section */

/* Begin XCConfigurationList section */
		1756543B29212B6700A9A702 /* Build configuration list for PBXProject "ManageDay" */ = {
			isa = XCConfigurationList;
			buildConfigurations = (
				1756545129212B6A00A9A702 /* Debug */,
				1756545229212B6A00A9A702 /* Release */,
			);
			defaultConfigurationIsVisible = 0;
			defaultConfigurationName = Release;
		};
		1756545329212B6A00A9A702 /* Build configuration list for PBXNativeTarget "ManageDay" */ = {
			isa = XCConfigurationList;
			buildConfigurations = (
				1756545429212B6A00A9A702 /* Debug */,
				1756545529212B6A00A9A702 /* Release */,
			);
			defaultConfigurationIsVisible = 0;
			defaultConfigurationName = Release;
		};
/* End XCConfigurationList section */

/* Begin XCVersionGroup section */
		1756544E29212B6A00A9A702 /* ManageDay.xcdatamodeld */ = {
			isa = XCVersionGroup;
			children = (
				1756544F29212B6A00A9A702 /* ManageDay.xcdatamodel */,
			);
			currentVersion = 1756544F29212B6A00A9A702 /* ManageDay.xcdatamodel */;
			path = ManageDay.xcdatamodeld;
			sourceTree = "<group>";
			versionGroupType = wrapper.xcdatamodel;
		};
/* End XCVersionGroup section */
	};
	rootObject = 1756543829212B6700A9A702 /* Project object */;
}
